
Microsoft Visual Studio Solution File, Format Version 12.00
# Visual Studio Version 16
VisualStudioVersion = 16.0.31205.134
MinimumVisualStudioVersion = 10.0.40219.1
Project("{FAE04EC0-301F-11D3-BF4B-00C04F79EFBC}") = "ConsoleApp22", "ConsoleApp22\ConsoleApp22.csproj", "{67243DDD-9BA2-42D7-906A-CB5EC93B6D9B}"
EndProject
Global
	GlobalSection(SolutionConfigurationPlatforms) = preSolution
		Debug|Any CPU = Debug|Any CPU
		Release|Any CPU = Release|Any CPU
	EndGlobalSection
	GlobalSection(ProjectConfigurationPlatforms) = postSolution
		{67243DDD-9BA2-42D7-906A-CB5EC93B6D9B}.Debug|Any CPU.ActiveCfg = Debug|Any CPU
		{67243DDD-9BA2-42D7-906A-CB5EC93B6D9B}.Debug|Any CPU.Build.0 = Debug|Any CPU
		{67243DDD-9BA2-42D7-906A-CB5EC93B6D9B}.Release|Any CPU.ActiveCfg = Release|Any CPU
		{67243DDD-9BA2-42D7-906A-CB5EC93B6D9B}.Release|Any CPU.Build.0 = Release|Any CPU
	EndGlobalSection
	GlobalSection(SolutionProperties) = preSolution
		HideSolutionNode = FALSE
	EndGlobalSection
	GlobalSection(ExtensibilityGlobals) = postSolution
		SolutionGuid = {8E66DC09-B270-490F-85C5-E5D2D5C29498}
	EndGlobalSection
EndGlobal
